
Microsoft Visual Studio Solution File, Format Version 12.00
# Visual Studio Version 17
VisualStudioVersion = 17.4.33213.308
MinimumVisualStudioVersion = 10.0.40219.1
Project("{FAE04EC0-301F-11D3-BF4B-00C04F79EFBC}") = "MyCoffeeApp.Mobile.Android", "MyCoffeeApp.Mobile\MyCoffeeApp.Mobile.Android\MyCoffeeApp.Mobile.Android.csproj", "{C0844E51-A8FB-4A99-AC9A-BC7F48298655}"
EndProject
Project("{FAE04EC0-301F-11D3-BF4B-00C04F79EFBC}") = "MyCoffeeApp.Mobile.iOS", "MyCoffeeApp.Mobile\MyCoffeeApp.Mobile.iOS\MyCoffeeApp.Mobile.iOS.csproj", "{43568DAF-658B-4761-ABCD-97CFB66678F8}"
EndProject
Project("{9A19103F-16F7-4668-BE54-9A1E7A4F7556}") = "MyCoffeeApp.Mobile", "MyCoffeeApp.Mobile\MyCoffeeApp.Mobile\MyCoffeeApp.Mobile.csproj", "{8CCD5FF5-7EC0-4673-9336-EB18EEC61AE5}"
EndProject
Project("{2150E333-8FDC-42A3-9474-1A3956D46DE8}") = "src", "src", "{E26F701E-1648-43D0-AB3D-1BCD8259F0A4}"
EndProject
Project("{2150E333-8FDC-42A3-9474-1A3956D46DE8}") = "DataAccess", "DataAccess", "{E8319CFC-8D36-4E2F-B260-A4E2C615CF86}"
EndProject
Project("{2150E333-8FDC-42A3-9474-1A3956D46DE8}") = "Api", "Api", "{6F7C06D2-30F2-417F-9BEB-A1F014C829ED}"
EndProject
Project("{2150E333-8FDC-42A3-9474-1A3956D46DE8}") = "Domain", "Domain", "{C3E941F9-595B-4615-B9DC-24D16A952265}"
EndProject
Project("{2150E333-8FDC-42A3-9474-1A3956D46DE8}") = "tests", "tests", "{781D71E1-1982-45A2-B248-1FAB56455215}"
EndProject
Project("{2150E333-8FDC-42A3-9474-1A3956D46DE8}") = "mobile", "mobile", "{07495B19-322B-4DD7-AC91-DB2272FFDCB3}"
EndProject
Project("{FAE04EC0-301F-11D3-BF4B-00C04F79EFBC}") = "MyCoffeeApp.DataAccess", "MyCoffeeApp.DataAccess\MyCoffeeApp.DataAccess.csproj", "{72E3242C-49AC-4982-8522-FC4B3E4E7616}"
EndProject
Project("{FAE04EC0-301F-11D3-BF4B-00C04F79EFBC}") = "MyCoffeeApp.Api", "MyCoffeeApp.Api\MyCoffeeApp.Api.csproj", "{50669DC0-EA3A-46C2-B18D-04E5F3581A25}"
EndProject
Project("{FAE04EC0-301F-11D3-BF4B-00C04F79EFBC}") = "MyCoffeeApp.Domain", "MyCoffeeApp.Domain\MyCoffeeApp.Domain.csproj", "{6069CDF8-44DF-4B6A-BD90-4549C2EF3637}"
EndProject
Project("{2150E333-8FDC-42A3-9474-1A3956D46DE8}") = "DataAccess", "DataAccess", "{6FA52054-88F8-441D-BB7B-D5E8CE494DCD}"
EndProject
Project("{FAE04EC0-301F-11D3-BF4B-00C04F79EFBC}") = "MyCoffeeApp.DataAccess.Tests", "MyCoffeeApp.DataAccess.Tests\MyCoffeeApp.DataAccess.Tests.csproj", "{F5123382-C04B-4A03-BCA2-9499719E89C1}"
EndProject
Global
	GlobalSection(SolutionConfigurationPlatforms) = preSolution
		Debug|Any CPU = Debug|Any CPU
		Debug|iPhone = Debug|iPhone
		Debug|iPhoneSimulator = Debug|iPhoneSimulator
		Release|Any CPU = Release|Any CPU
		Release|iPhone = Release|iPhone
		Release|iPhoneSimulator = Release|iPhoneSimulator
	EndGlobalSection
	GlobalSection(ProjectConfigurationPlatforms) = postSolution
		{C0844E51-A8FB-4A99-AC9A-BC7F48298655}.Debug|Any CPU.ActiveCfg = Debug|Any CPU
		{C0844E51-A8FB-4A99-AC9A-BC7F48298655}.Debug|Any CPU.Build.0 = Debug|Any CPU
		{C0844E51-A8FB-4A99-AC9A-BC7F48298655}.Debug|Any CPU.Deploy.0 = Debug|Any CPU
		{C0844E51-A8FB-4A99-AC9A-BC7F48298655}.Debug|iPhone.ActiveCfg = Debug|Any CPU
		{C0844E51-A8FB-4A99-AC9A-BC7F48298655}.Debug|iPhone.Build.0 = Debug|Any CPU
		{C0844E51-A8FB-4A99-AC9A-BC7F48298655}.Debug|iPhone.Deploy.0 = Debug|Any CPU
		{C0844E51-A8FB-4A99-AC9A-BC7F48298655}.Debug|iPhoneSimulator.ActiveCfg = Debug|Any CPU
		{C0844E51-A8FB-4A99-AC9A-BC7F48298655}.Debug|iPhoneSimulator.Build.0 = Debug|Any CPU
		{C0844E51-A8FB-4A99-AC9A-BC7F48298655}.Debug|iPhoneSimulator.Deploy.0 = Debug|Any CPU
		{C0844E51-A8FB-4A99-AC9A-BC7F48298655}.Release|Any CPU.ActiveCfg = Release|Any CPU
		{C0844E51-A8FB-4A99-AC9A-BC7F48298655}.Release|Any CPU.Build.0 = Release|Any CPU
		{C0844E51-A8FB-4A99-AC9A-BC7F48298655}.Release|Any CPU.Deploy.0 = Release|Any CPU
		{C0844E51-A8FB-4A99-AC9A-BC7F48298655}.Release|iPhone.ActiveCfg = Release|Any CPU
		{C0844E51-A8FB-4A99-AC9A-BC7F48298655}.Release|iPhone.Build.0 = Release|Any CPU
		{C0844E51-A8FB-4A99-AC9A-BC7F48298655}.Release|iPhone.Deploy.0 = Release|Any CPU
		{C0844E51-A8FB-4A99-AC9A-BC7F48298655}.Release|iPhoneSimulator.ActiveCfg = Release|Any CPU
		{C0844E51-A8FB-4A99-AC9A-BC7F48298655}.Release|iPhoneSimulator.Build.0 = Release|Any CPU
		{C0844E51-A8FB-4A99-AC9A-BC7F48298655}.Release|iPhoneSimulator.Deploy.0 = Release|Any CPU
		{43568DAF-658B-4761-ABCD-97CFB66678F8}.Debug|Any CPU.ActiveCfg = Debug|iPhone
		{43568DAF-658B-4761-ABCD-97CFB66678F8}.Debug|Any CPU.Build.0 = Debug|iPhone
		{43568DAF-658B-4761-ABCD-97CFB66678F8}.Debug|Any CPU.Deploy.0 = Debug|iPhone
		{43568DAF-658B-4761-ABCD-97CFB66678F8}.Debug|iPhone.ActiveCfg = Debug|iPhone
		{43568DAF-658B-4761-ABCD-97CFB66678F8}.Debug|iPhone.Build.0 = Debug|iPhone
		{43568DAF-658B-4761-ABCD-97CFB66678F8}.Debug|iPhone.Deploy.0 = Debug|iPhone
		{43568DAF-658B-4761-ABCD-97CFB66678F8}.Debug|iPhoneSimulator.ActiveCfg = Debug|iPhoneSimulator
		{43568DAF-658B-4761-ABCD-97CFB66678F8}.Debug|iPhoneSimulator.Build.0 = Debug|iPhoneSimulator
		{43568DAF-658B-4761-ABCD-97CFB66678F8}.Debug|iPhoneSimulator.Deploy.0 = Debug|iPhoneSimulator
		{43568DAF-658B-4761-ABCD-97CFB66678F8}.Release|Any CPU.ActiveCfg = Release|iPhoneSimulator
		{43568DAF-658B-4761-ABCD-97CFB66678F8}.Release|Any CPU.Build.0 = Release|iPhoneSimulator
		{43568DAF-658B-4761-ABCD-97CFB66678F8}.Release|Any CPU.Deploy.0 = Release|iPhoneSimulator
		{43568DAF-658B-4761-ABCD-97CFB66678F8}.Release|iPhone.ActiveCfg = Release|iPhone
		{43568DAF-658B-4761-ABCD-97CFB66678F8}.Release|iPhone.Build.0 = Release|iPhone
		{43568DAF-658B-4761-ABCD-97CFB66678F8}.Release|iPhone.Deploy.0 = Release|iPhone
		{43568DAF-658B-4761-ABCD-97CFB66678F8}.Release|iPhoneSimulator.ActiveCfg = Release|iPhoneSimulator
		{43568DAF-658B-4761-ABCD-97CFB66678F8}.Release|iPhoneSimulator.Build.0 = Release|iPhoneSimulator
		{43568DAF-658B-4761-ABCD-97CFB66678F8}.Release|iPhoneSimulator.Deploy.0 = Release|iPhoneSimulator
		{8CCD5FF5-7EC0-4673-9336-EB18EEC61AE5}.Debug|Any CPU.ActiveCfg = Debug|Any CPU
		{8CCD5FF5-7EC0-4673-9336-EB18EEC61AE5}.Debug|Any CPU.Build.0 = Debug|Any CPU
		{8CCD5FF5-7EC0-4673-9336-EB18EEC61AE5}.Debug|Any CPU.Deploy.0 = Debug|Any CPU
		{8CCD5FF5-7EC0-4673-9336-EB18EEC61AE5}.Debug|iPhone.ActiveCfg = Debug|Any CPU
		{8CCD5FF5-7EC0-4673-9336-EB18EEC61AE5}.Debug|iPhone.Build.0 = Debug|Any CPU
		{8CCD5FF5-7EC0-4673-9336-EB18EEC61AE5}.Debug|iPhone.Deploy.0 = Debug|Any CPU
		{8CCD5FF5-7EC0-4673-9336-EB18EEC61AE5}.Debug|iPhoneSimulator.ActiveCfg = Debug|Any CPU
		{8CCD5FF5-7EC0-4673-9336-EB18EEC61AE5}.Debug|iPhoneSimulator.Build.0 = Debug|Any CPU
		{8CCD5FF5-7EC0-4673-9336-EB18EEC61AE5}.Debug|iPhoneSimulator.Deploy.0 = Debug|Any CPU
		{8CCD5FF5-7EC0-4673-9336-EB18EEC61AE5}.Release|Any CPU.ActiveCfg = Release|Any CPU
		{8CCD5FF5-7EC0-4673-9336-EB18EEC61AE5}.Release|Any CPU.Build.0 = Release|Any CPU
		{8CCD5FF5-7EC0-4673-9336-EB18EEC61AE5}.Release|Any CPU.Deploy.0 = Release|Any CPU
		{8CCD5FF5-7EC0-4673-9336-EB18EEC61AE5}.Release|iPhone.ActiveCfg = Release|Any CPU
		{8CCD5FF5-7EC0-4673-9336-EB18EEC61AE5}.Release|iPhone.Build.0 = Release|Any CPU
		{8CCD5FF5-7EC0-4673-9336-EB18EEC61AE5}.Release|iPhone.Deploy.0 = Release|Any CPU
		{8CCD5FF5-7EC0-4673-9336-EB18EEC61AE5}.Release|iPhoneSimulator.ActiveCfg = Release|Any CPU
		{8CCD5FF5-7EC0-4673-9336-EB18EEC61AE5}.Release|iPhoneSimulator.Build.0 = Release|Any CPU
		{8CCD5FF5-7EC0-4673-9336-EB18EEC61AE5}.Release|iPhoneSimulator.Deploy.0 = Release|Any CPU
		{72E3242C-49AC-4982-8522-FC4B3E4E7616}.Debug|Any CPU.ActiveCfg = Debug|Any CPU
		{72E3242C-49AC-4982-8522-FC4B3E4E7616}.Debug|Any CPU.Build.0 = Debug|Any CPU
		{72E3242C-49AC-4982-8522-FC4B3E4E7616}.Debug|iPhone.ActiveCfg = Debug|Any CPU
		{72E3242C-49AC-4982-8522-FC4B3E4E7616}.Debug|iPhone.Build.0 = Debug|Any CPU
		{72E3242C-49AC-4982-8522-FC4B3E4E7616}.Debug|iPhoneSimulator.ActiveCfg = Debug|Any CPU
		{72E3242C-49AC-4982-8522-FC4B3E4E7616}.Debug|iPhoneSimulator.Build.0 = Debug|Any CPU
		{72E3242C-49AC-4982-8522-FC4B3E4E7616}.Release|Any CPU.ActiveCfg = Release|Any CPU
		{72E3242C-49AC-4982-8522-FC4B3E4E7616}.Release|Any CPU.Build.0 = Release|Any CPU
		{72E3242C-49AC-4982-8522-FC4B3E4E7616}.Release|iPhone.ActiveCfg = Release|Any CPU
		{72E3242C-49AC-4982-8522-FC4B3E4E7616}.Release|iPhone.Build.0 = Release|Any CPU
		{72E3242C-49AC-4982-8522-FC4B3E4E7616}.Release|iPhoneSimulator.ActiveCfg = Release|Any CPU
		{72E3242C-49AC-4982-8522-FC4B3E4E7616}.Release|iPhoneSimulator.Build.0 = Release|Any CPU
		{50669DC0-EA3A-46C2-B18D-04E5F3581A25}.Debug|Any CPU.ActiveCfg = Debug|Any CPU
		{50669DC0-EA3A-46C2-B18D-04E5F3581A25}.Debug|Any CPU.Build.0 = Debug|Any CPU
		{50669DC0-EA3A-46C2-B18D-04E5F3581A25}.Debug|iPhone.ActiveCfg = Debug|Any CPU
		{50669DC0-EA3A-46C2-B18D-04E5F3581A25}.Debug|iPhone.Build.0 = Debug|Any CPU
		{50669DC0-EA3A-46C2-B18D-04E5F3581A25}.Debug|iPhoneSimulator.ActiveCfg = Debug|Any CPU
		{50669DC0-EA3A-46C2-B18D-04E5F3581A25}.Debug|iPhoneSimulator.Build.0 = Debug|Any CPU
		{50669DC0-EA3A-46C2-B18D-04E5F3581A25}.Release|Any CPU.ActiveCfg = Release|Any CPU
		{50669DC0-EA3A-46C2-B18D-04E5F3581A25}.Release|Any CPU.Build.0 = Release|Any CPU
		{50669DC0-EA3A-46C2-B18D-04E5F3581A25}.Release|iPhone.ActiveCfg = Release|Any CPU
		{50669DC0-EA3A-46C2-B18D-04E5F3581A25}.Release|iPhone.Build.0 = Release|Any CPU
		{50669DC0-EA3A-46C2-B18D-04E5F3581A25}.Release|iPhoneSimulator.ActiveCfg = Release|Any CPU
		{50669DC0-EA3A-46C2-B18D-04E5F3581A25}.Release|iPhoneSimulator.Build.0 = Release|Any CPU
		{6069CDF8-44DF-4B6A-BD90-4549C2EF3637}.Debug|Any CPU.ActiveCfg = Debug|Any CPU
		{6069CDF8-44DF-4B6A-BD90-4549C2EF3637}.Debug|Any CPU.Build.0 = Debug|Any CPU
		{6069CDF8-44DF-4B6A-BD90-4549C2EF3637}.Debug|iPhone.ActiveCfg = Debug|Any CPU
		{6069CDF8-44DF-4B6A-BD90-4549C2EF3637}.Debug|iPhone.Build.0 = Debug|Any CPU
		{6069CDF8-44DF-4B6A-BD90-4549C2EF3637}.Debug|iPhoneSimulator.ActiveCfg = Debug|Any CPU
		{6069CDF8-44DF-4B6A-BD90-4549C2EF3637}.Debug|iPhoneSimulator.Build.0 = Debug|Any CPU
		{6069CDF8-44DF-4B6A-BD90-4549C2EF3637}.Release|Any CPU.ActiveCfg = Release|Any CPU
		{6069CDF8-44DF-4B6A-BD90-4549C2EF3637}.Release|Any CPU.Build.0 = Release|Any CPU
		{6069CDF8-44DF-4B6A-BD90-4549C2EF3637}.Release|iPhone.ActiveCfg = Release|Any CPU
		{6069CDF8-44DF-4B6A-BD90-4549C2EF3637}.Release|iPhone.Build.0 = Release|Any CPU
		{6069CDF8-44DF-4B6A-BD90-4549C2EF3637}.Release|iPhoneSimulator.ActiveCfg = Release|Any CPU
		{6069CDF8-44DF-4B6A-BD90-4549C2EF3637}.Release|iPhoneSimulator.Build.0 = Release|Any CPU
		{F5123382-C04B-4A03-BCA2-9499719E89C1}.Debug|Any CPU.ActiveCfg = Debug|Any CPU
		{F5123382-C04B-4A03-BCA2-9499719E89C1}.Debug|Any CPU.Build.0 = Debug|Any CPU
		{F5123382-C04B-4A03-BCA2-9499719E89C1}.Debug|iPhone.ActiveCfg = Debug|Any CPU
		{F5123382-C04B-4A03-BCA2-9499719E89C1}.Debug|iPhone.Build.0 = Debug|Any CPU
		{F5123382-C04B-4A03-BCA2-9499719E89C1}.Debug|iPhoneSimulator.ActiveCfg = Debug|Any CPU
		{F5123382-C04B-4A03-BCA2-9499719E89C1}.Debug|iPhoneSimulator.Build.0 = Debug|Any CPU
		{F5123382-C04B-4A03-BCA2-9499719E89C1}.Release|Any CPU.ActiveCfg = Release|Any CPU
		{F5123382-C04B-4A03-BCA2-9499719E89C1}.Release|Any CPU.Build.0 = Release|Any CPU
		{F5123382-C04B-4A03-BCA2-9499719E89C1}.Release|iPhone.ActiveCfg = Release|Any CPU
		{F5123382-C04B-4A03-BCA2-9499719E89C1}.Release|iPhone.Build.0 = Release|Any CPU
		{F5123382-C04B-4A03-BCA2-9499719E89C1}.Release|iPhoneSimulator.ActiveCfg = Release|Any CPU
		{F5123382-C04B-4A03-BCA2-9499719E89C1}.Release|iPhoneSimulator.Build.0 = Release|Any CPU
	EndGlobalSection
	GlobalSection(SolutionProperties) = preSolution
		HideSolutionNode = FALSE
	EndGlobalSection
	GlobalSection(NestedProjects) = preSolution
		{C0844E51-A8FB-4A99-AC9A-BC7F48298655} = {07495B19-322B-4DD7-AC91-DB2272FFDCB3}
		{43568DAF-658B-4761-ABCD-97CFB66678F8} = {07495B19-322B-4DD7-AC91-DB2272FFDCB3}
		{8CCD5FF5-7EC0-4673-9336-EB18EEC61AE5} = {07495B19-322B-4DD7-AC91-DB2272FFDCB3}
		{E8319CFC-8D36-4E2F-B260-A4E2C615CF86} = {E26F701E-1648-43D0-AB3D-1BCD8259F0A4}
		{6F7C06D2-30F2-417F-9BEB-A1F014C829ED} = {E26F701E-1648-43D0-AB3D-1BCD8259F0A4}
		{C3E941F9-595B-4615-B9DC-24D16A952265} = {E26F701E-1648-43D0-AB3D-1BCD8259F0A4}
		{72E3242C-49AC-4982-8522-FC4B3E4E7616} = {E8319CFC-8D36-4E2F-B260-A4E2C615CF86}
		{50669DC0-EA3A-46C2-B18D-04E5F3581A25} = {6F7C06D2-30F2-417F-9BEB-A1F014C829ED}
		{6069CDF8-44DF-4B6A-BD90-4549C2EF3637} = {C3E941F9-595B-4615-B9DC-24D16A952265}
		{6FA52054-88F8-441D-BB7B-D5E8CE494DCD} = {781D71E1-1982-45A2-B248-1FAB56455215}
		{F5123382-C04B-4A03-BCA2-9499719E89C1} = {6FA52054-88F8-441D-BB7B-D5E8CE494DCD}
	EndGlobalSection
	GlobalSection(ExtensibilityGlobals) = postSolution
		SolutionGuid = {59603A7A-B2F5-4E52-B832-2C0F8583E0F7}
	EndGlobalSection
EndGlobal
